
Microsoft Visual Studio Solution File, Format Version 12.00
# Visual Studio Version 16
VisualStudioVersion = 16.0.33130.400
MinimumVisualStudioVersion = 10.0.40219.1
Project("{888888A0-9F3D-457C-B088-3A5042F75D52}") = "4.17 daily code Python list review and sorting algorithms", "4.17 daily code Python list review and sorting algorithms\4.17 daily code Python list review and sorting algorithms.pyproj", "{F5164C33-93C8-45B2-B24D-A829FB15C204}"
EndProject
Global
	GlobalSection(SolutionConfigurationPlatforms) = preSolution
		Debug|Any CPU = Debug|Any CPU
		Release|Any CPU = Release|Any CPU
	EndGlobalSection
	GlobalSection(ProjectConfigurationPlatforms) = postSolution
		{F5164C33-93C8-45B2-B24D-A829FB15C204}.Debug|Any CPU.ActiveCfg = Debug|Any CPU
		{F5164C33-93C8-45B2-B24D-A829FB15C204}.Release|Any CPU.ActiveCfg = Release|Any CPU
	EndGlobalSection
	GlobalSection(SolutionProperties) = preSolution
		HideSolutionNode = FALSE
	EndGlobalSection
	GlobalSection(ExtensibilityGlobals) = postSolution
		SolutionGuid = {7D3209A2-8BCF-47F7-A22B-93A5E461D204}
	EndGlobalSection
EndGlobal
